<?xml version="1.0" encoding="utf-8"?>
<Project ToolsVersion="4.0" xmlns="http://schemas.microsoft.com/developer/msbuild/2003">
  <ItemGroup>
    <Filter Include="File di origine">
      <UniqueIdentifier>{4FC737F1-C7A5-4376-A066-2A32D752A2FF}</UniqueIdentifier>
      <Extensions>cpp;c;cc;cxx;c++;cppm;ixx;def;odl;idl;hpj;bat;asm;asmx</Extensions>
    </Filter>
    <Filter Include="File di intestazione">
      <UniqueIdentifier>{93995380-89BD-4b04-88EB-625FBE52EBFB}</UniqueIdentifier>
      <Extensions>h;hh;hpp;hxx;h++;hm;inl;inc;ipp;xsd</Extensions>
    </Filter>
    <Filter Include="File di risorse">
      <UniqueIdentifier>{67DA6AB6-F800-4c08-8B7A-83BB121AAD01}</UniqueIdentifier>
      <Extensions>rc;ico;cur;bmp;dlg;rc2;rct;bin;rgs;gif;jpg;jpeg;jpe;resx;tiff;tif;png;wav;mfcribbon-ms</Extensions>
    </Filter>
    <Filter Include="File di risorse\Shaders">
      <UniqueIdentifier>{2831e99f-2b54-421f-bbd7-a9c928369489}</UniqueIdentifier>
    </Filter>
    <Filter Include="File di intestazione\ECS">
      <UniqueIdentifier>{2fdbbcc1-1abf-44f2-b7fa-97f302cd7fd4}</UniqueIdentifier>
    </Filter>
    <Filter Include="File di intestazione\ECS\Components">
      <UniqueIdentifier>{ae144290-58d1-4b19-bcd8-57429eb7a0f6}</UniqueIdentifier>
    </Filter>
    <Filter Include="File di intestazione\ECS\Managers">
      <UniqueIdentifier>{2631dee3-edeb-43a0-af29-c3f9cba370f6}</UniqueIdentifier>
    </Filter>
    <Filter Include="File di intestazione\Shapes">
      <UniqueIdentifier>{6272ab9e-64da-412f-8e33-42a4ea52579f}</UniqueIdentifier>
    </Filter>
    <Filter Include="File di intestazione\Shapes\Basic Shapes">
      <UniqueIdentifier>{4b604353-61a2-4670-be6a-c27c643da59d}</UniqueIdentifier>
    </Filter>
    <Filter Include="File di intestazione\ECS\misc">
      <UniqueIdentifier>{e31f84fa-4557-4a78-bce3-fb22830154c5}</UniqueIdentifier>
    </Filter>
    <Filter Include="File di intestazione\ECS\Systems">
      <UniqueIdentifier>{bc71aba4-28ae-4b8e-8498-bec79c6c59f5}</UniqueIdentifier>
    </Filter>
  </ItemGroup>
  <ItemGroup>
    <ClCompile Include="main.cpp">
      <Filter>File di origine</Filter>
    </ClCompile>
    <ClCompile Include="App.cpp">
      <Filter>File di origine</Filter>
    </ClCompile>
    <ClCompile Include="EntityManager.cpp">
      <Filter>File di origine</Filter>
    </ClCompile>
    <ClCompile Include="RenderSystem.cpp">
      <Filter>File di origine</Filter>
    </ClCompile>
  </ItemGroup>
  <ItemGroup>
    <ClInclude Include="App.h">
      <Filter>File di intestazione</Filter>
    </ClInclude>
    <ClInclude Include="resource.h">
      <Filter>File di intestazione</Filter>
    </ClInclude>
    <ClInclude Include="Entity.h">
      <Filter>File di intestazione\ECS</Filter>
    </ClInclude>
    <ClInclude Include="EntityManager.hpp">
      <Filter>File di intestazione\ECS\Managers</Filter>
    </ClInclude>
    <ClInclude Include="ComponentArray.h">
      <Filter>File di intestazione\ECS\misc</Filter>
    </ClInclude>
    <ClInclude Include="ComponentManager.h">
      <Filter>File di intestazione\ECS\Managers</Filter>
    </ClInclude>
    <ClInclude Include="System.h">
      <Filter>File di intestazione\ECS\Systems</Filter>
    </ClInclude>
    <ClInclude Include="SystemManager.h">
      <Filter>File di intestazione\ECS\Managers</Filter>
    </ClInclude>
    <ClInclude Include="Coordinator.h">
      <Filter>File di intestazione\ECS\Managers</Filter>
    </ClInclude>
    <ClInclude Include="RenderSystem.h">
      <Filter>File di intestazione\ECS\Systems</Filter>
    </ClInclude>
    <ClInclude Include="RenderComponent.h">
      <Filter>File di intestazione\ECS\Components</Filter>
    </ClInclude>
    <ClInclude Include="TransformComponent.h">
      <Filter>File di intestazione\ECS\Components</Filter>
    </ClInclude>
  </ItemGroup>
  <ItemGroup>
    <None Include="ClassDiagram.cd" />
    <None Include="compile.bat">
      <Filter>File di origine</Filter>
    </None>
    <None Include="Resources\Shaders\Default\BaseFrag.frag">
      <Filter>File di risorse\Shaders</Filter>
    </None>
    <None Include="Resources\Shaders\Default\BaseVertex.vert">
      <Filter>File di risorse\Shaders</Filter>
    </None>
    <None Include="..\.gitignore">
      <Filter>File di risorse</Filter>
    </None>
  </ItemGroup>
</Project>